// !$*UTF8*$!
{
	archiveVersion = 1;
	classes = {
	};
	objectVersion = 51;
	objects = {

/* Begin PBXBuildFile section */
		364510C22183B0D500EBFE59 /* SwipeTableViewController.swift in Sources */ = {isa = PBXBuildFile; fileRef = 364510C12183B0D500EBFE59 /* SwipeTableViewController.swift */; };
		367EC6602183546C00FFB9E9 /* Item.swift in Sources */ = {isa = PBXBuildFile; fileRef = 367EC65F2183546C00FFB9E9 /* Item.swift */; };
		367EC6622183548100FFB9E9 /* Todos.swift in Sources */ = {isa = PBXBuildFile; fileRef = 367EC6612183548100FFB9E9 /* Todos.swift */; };
		36B23B2F23187ED7008BF99D /* AWSCognitoUserPoolsAuthProvider.swift in Sources */ = {isa = PBXBuildFile; fileRef = 36B23B2E23187ED7008BF99D /* AWSCognitoUserPoolsAuthProvider.swift */; };
		758E7A6F9F4CAEAA0089A0A4 /* Pods_Todo.framework in Frameworks */ = {isa = PBXBuildFile; fileRef = 1C67F5F58E188EECDF0433A2 /* Pods_Todo.framework */; };
		E21C145B2332FD0A00A3EB62 /* API.swift in Sources */ = {isa = PBXBuildFile; fileRef = E21C14592332FD0A00A3EB62 /* API.swift */; };
		E21C145C2332FD0A00A3EB62 /* awsconfiguration.json in Resources */ = {isa = PBXBuildFile; fileRef = E21C145A2332FD0A00A3EB62 /* awsconfiguration.json */; };
		E2C502D82180E44D00A717F8 /* TableTodoListsViewController.swift in Sources */ = {isa = PBXBuildFile; fileRef = E2C502D72180E44D00A717F8 /* TableTodoListsViewController.swift */; };
		E2F62CD32177BE6700DB7BEE /* AppDelegate.swift in Sources */ = {isa = PBXBuildFile; fileRef = E2F62CD22177BE6700DB7BEE /* AppDelegate.swift */; };
		E2F62CD52177BE6700DB7BEE /* TodoItemsViewController.swift in Sources */ = {isa = PBXBuildFile; fileRef = E2F62CD42177BE6700DB7BEE /* TodoItemsViewController.swift */; };
		E2F62CD82177BE6700DB7BEE /* Main.storyboard in Resources */ = {isa = PBXBuildFile; fileRef = E2F62CD62177BE6700DB7BEE /* Main.storyboard */; };
		E2F62CDA2177BE6900DB7BEE /* Assets.xcassets in Resources */ = {isa = PBXBuildFile; fileRef = E2F62CD92177BE6900DB7BEE /* Assets.xcassets */; };
		E2F62CDD2177BE6900DB7BEE /* LaunchScreen.storyboard in Resources */ = {isa = PBXBuildFile; fileRef = E2F62CDB2177BE6900DB7BEE /* LaunchScreen.storyboard */; };
/* End PBXBuildFile section */

/* Begin PBXFileReference section */
		1C67F5F58E188EECDF0433A2 /* Pods_Todo.framework */ = {isa = PBXFileReference; explicitFileType = wrapper.framework; includeInIndex = 0; path = Pods_Todo.framework; sourceTree = BUILT_PRODUCTS_DIR; };
		212532865AFE3DDA1C584643 /* Pods-Todo.debug.xcconfig */ = {isa = PBXFileReference; includeInIndex = 1; lastKnownFileType = text.xcconfig; name = "Pods-Todo.debug.xcconfig"; path = "Target Support Files/Pods-Todo/Pods-Todo.debug.xcconfig"; sourceTree = "<group>"; };
		364510C12183B0D500EBFE59 /* SwipeTableViewController.swift */ = {isa = PBXFileReference; lastKnownFileType = sourcecode.swift; path = SwipeTableViewController.swift; sourceTree = "<group>"; };
		367EC65F2183546C00FFB9E9 /* Item.swift */ = {isa = PBXFileReference; lastKnownFileType = sourcecode.swift; path = Item.swift; sourceTree = "<group>"; };
		367EC6612183548100FFB9E9 /* Todos.swift */ = {isa = PBXFileReference; lastKnownFileType = sourcecode.swift; path = Todos.swift; sourceTree = "<group>"; };
		36B23B2E23187ED7008BF99D /* AWSCognitoUserPoolsAuthProvider.swift */ = {isa = PBXFileReference; fileEncoding = 4; lastKnownFileType = sourcecode.swift; path = AWSCognitoUserPoolsAuthProvider.swift; sourceTree = "<group>"; };
		8510E5A63A6F19D606CFFD4D /* Pods-Todo.release.xcconfig */ = {isa = PBXFileReference; includeInIndex = 1; lastKnownFileType = text.xcconfig; name = "Pods-Todo.release.xcconfig"; path = "Target Support Files/Pods-Todo/Pods-Todo.release.xcconfig"; sourceTree = "<group>"; };
		E21C14592332FD0A00A3EB62 /* API.swift */ = {isa = PBXFileReference; fileEncoding = 4; lastKnownFileType = sourcecode.swift; path = API.swift; sourceTree = "<group>"; };
		E21C145A2332FD0A00A3EB62 /* awsconfiguration.json */ = {isa = PBXFileReference; fileEncoding = 4; lastKnownFileType = text.json; path = awsconfiguration.json; sourceTree = "<group>"; };
		E2C502D72180E44D00A717F8 /* TableTodoListsViewController.swift */ = {isa = PBXFileReference; lastKnownFileType = sourcecode.swift; path = TableTodoListsViewController.swift; sourceTree = "<group>"; };
		E2F62CCF2177BE6700DB7BEE /* Todo.app */ = {isa = PBXFileReference; explicitFileType = wrapper.application; includeInIndex = 0; path = Todo.app; sourceTree = BUILT_PRODUCTS_DIR; };
		E2F62CD22177BE6700DB7BEE /* AppDelegate.swift */ = {isa = PBXFileReference; lastKnownFileType = sourcecode.swift; path = AppDelegate.swift; sourceTree = "<group>"; };
		E2F62CD42177BE6700DB7BEE /* TodoItemsViewController.swift */ = {isa = PBXFileReference; lastKnownFileType = sourcecode.swift; path = TodoItemsViewController.swift; sourceTree = "<group>"; };
		E2F62CD72177BE6700DB7BEE /* Base */ = {isa = PBXFileReference; lastKnownFileType = file.storyboard; name = Base; path = Base.lproj/Main.storyboard; sourceTree = "<group>"; };
		E2F62CD92177BE6900DB7BEE /* Assets.xcassets */ = {isa = PBXFileReference; lastKnownFileType = folder.assetcatalog; path = Assets.xcassets; sourceTree = "<group>"; };
		E2F62CDC2177BE6900DB7BEE /* Base */ = {isa = PBXFileReference; lastKnownFileType = file.storyboard; name = Base; path = Base.lproj/LaunchScreen.storyboard; sourceTree = "<group>"; };
		E2F62CDE2177BE6900DB7BEE /* Info.plist */ = {isa = PBXFileReference; lastKnownFileType = text.plist.xml; path = Info.plist; sourceTree = "<group>"; };
/* End PBXFileReference section */

/* Begin PBXFrameworksBuildPhase section */
		E2F62CCC2177BE6700DB7BEE /* Frameworks */ = {
			isa = PBXFrameworksBuildPhase;
			buildActionMask = 2147483647;
			files = (
				758E7A6F9F4CAEAA0089A0A4 /* Pods_Todo.framework in Frameworks */,
			);
			runOnlyForDeploymentPostprocessing = 0;
		};
/* End PBXFrameworksBuildPhase section */

/* Begin PBXGroup section */
		308AD622781C40E7117D4A51 /* Frameworks */ = {
			isa = PBXGroup;
			children = (
				1C67F5F58E188EECDF0433A2 /* Pods_Todo.framework */,
			);
			name = Frameworks;
			sourceTree = "<group>";
		};
		36B23B2D23177033008BF99D /* AWS */ = {
			isa = PBXGroup;
			children = (
				E21C14592332FD0A00A3EB62 /* API.swift */,
				E21C145A2332FD0A00A3EB62 /* awsconfiguration.json */,
				36B23B2E23187ED7008BF99D /* AWSCognitoUserPoolsAuthProvider.swift */,
			);
			path = AWS;
			sourceTree = "<group>";
		};
		3E2789DC125078085CA6B70B /* Pods */ = {
			isa = PBXGroup;
			children = (
				212532865AFE3DDA1C584643 /* Pods-Todo.debug.xcconfig */,
				8510E5A63A6F19D606CFFD4D /* Pods-Todo.release.xcconfig */,
			);
			path = Pods;
			sourceTree = "<group>";
		};
		E26944E0217A69C70078DC34 /* Data Models */ = {
			isa = PBXGroup;
			children = (
				367EC65F2183546C00FFB9E9 /* Item.swift */,
				367EC6612183548100FFB9E9 /* Todos.swift */,
			);
			name = "Data Models";
			sourceTree = "<group>";
		};
		E26944E1217A69E40078DC34 /* Controllers */ = {
			isa = PBXGroup;
			children = (
				E2C502D72180E44D00A717F8 /* TableTodoListsViewController.swift */,
				E2F62CD42177BE6700DB7BEE /* TodoItemsViewController.swift */,
				364510C12183B0D500EBFE59 /* SwipeTableViewController.swift */,
			);
			path = Controllers;
			sourceTree = "<group>";
		};
		E26944E2217A69F90078DC34 /* Views */ = {
			isa = PBXGroup;
			children = (
				E2F62CD62177BE6700DB7BEE /* Main.storyboard */,
			);
			name = Views;
			sourceTree = "<group>";
		};
		E26944E3217A6A400078DC34 /* Supporting Files */ = {
			isa = PBXGroup;
			children = (
				E2F62CD22177BE6700DB7BEE /* AppDelegate.swift */,
				E2F62CD92177BE6900DB7BEE /* Assets.xcassets */,
				E2F62CDB2177BE6900DB7BEE /* LaunchScreen.storyboard */,
			);
			name = "Supporting Files";
			sourceTree = "<group>";
		};
		E2F62CC62177BE6700DB7BEE = {
			isa = PBXGroup;
			children = (
				E2F62CD12177BE6700DB7BEE /* Todo */,
				E2F62CD02177BE6700DB7BEE /* Products */,
				3E2789DC125078085CA6B70B /* Pods */,
				308AD622781C40E7117D4A51 /* Frameworks */,
			);
			sourceTree = "<group>";
		};
		E2F62CD02177BE6700DB7BEE /* Products */ = {
			isa = PBXGroup;
			children = (
				E2F62CCF2177BE6700DB7BEE /* Todo.app */,
			);
			name = Products;
			sourceTree = "<group>";
		};
		E2F62CD12177BE6700DB7BEE /* Todo */ = {
			isa = PBXGroup;
			children = (
				36B23B2D23177033008BF99D /* AWS */,
				E26944E2217A69F90078DC34 /* Views */,
				E26944E1217A69E40078DC34 /* Controllers */,
				E26944E0217A69C70078DC34 /* Data Models */,
				E26944E3217A6A400078DC34 /* Supporting Files */,
				E2F62CDE2177BE6900DB7BEE /* Info.plist */,
			);
			path = Todo;
			sourceTree = "<group>";
		};
/* End PBXGroup section */

/* Begin PBXNativeTarget section */
		E2F62CCE2177BE6700DB7BEE /* Todo */ = {
			isa = PBXNativeTarget;
			buildConfigurationList = E2F62CE12177BE6900DB7BEE /* Build configuration list for PBXNativeTarget "Todo" */;
			buildPhases = (
				FEED371DC0BFEA3FB484C48C /* [CP] Check Pods Manifest.lock */,
				E2F62CCB2177BE6700DB7BEE /* Sources */,
				E2F62CCC2177BE6700DB7BEE /* Frameworks */,
				E2F62CCD2177BE6700DB7BEE /* Resources */,
				14AD99484028879D7AA35C3A /* [CP] Embed Pods Frameworks */,
			);
			buildRules = (
			);
			dependencies = (
			);
			name = Todo;
			productName = Todo;
			productReference = E2F62CCF2177BE6700DB7BEE /* Todo.app */;
			productType = "com.apple.product-type.application";
		};
/* End PBXNativeTarget section */

/* Begin PBXProject section */
		E2F62CC72177BE6700DB7BEE /* Project object */ = {
			isa = PBXProject;
			attributes = {
				LastSwiftUpdateCheck = 1000;
				LastUpgradeCheck = 1000;
				ORGANIZATIONNAME = "Rigoberto Miranda";
				TargetAttributes = {
					E2F62CCE2177BE6700DB7BEE = {
						CreatedOnToolsVersion = 10.0;
						LastSwiftMigration = 1030;
					};
				};
			};
			buildConfigurationList = E2F62CCA2177BE6700DB7BEE /* Build configuration list for PBXProject "Todo" */;
			compatibilityVersion = "Xcode 9.3";
			developmentRegion = en;
			hasScannedForEncodings = 0;
			knownRegions = (
				en,
				Base,
			);
			mainGroup = E2F62CC62177BE6700DB7BEE;
			productRefGroup = E2F62CD02177BE6700DB7BEE /* Products */;
			projectDirPath = "";
			projectRoot = "";
			targets = (
				E2F62CCE2177BE6700DB7BEE /* Todo */,
			);
		};
/* End PBXProject section */

/* Begin PBXResourcesBuildPhase section */
		E2F62CCD2177BE6700DB7BEE /* Resources */ = {
			isa = PBXResourcesBuildPhase;
			buildActionMask = 2147483647;
			files = (
				E21C145C2332FD0A00A3EB62 /* awsconfiguration.json in Resources */,
				E2F62CDD2177BE6900DB7BEE /* LaunchScreen.storyboard in Resources */,
				E2F62CDA2177BE6900DB7BEE /* Assets.xcassets in Resources */,
				E2F62CD82177BE6700DB7BEE /* Main.storyboard in Resources */,
			);
			runOnlyForDeploymentPostprocessing = 0;
		};
/* End PBXResourcesBuildPhase section */

/* Begin PBXShellScriptBuildPhase section */
		14AD99484028879D7AA35C3A /* [CP] Embed Pods Frameworks */ = {
			isa = PBXShellScriptBuildPhase;
			buildActionMask = 2147483647;
			files = (
			);
			inputFileListPaths = (
				"${PODS_ROOT}/Target Support Files/Pods-Todo/Pods-Todo-frameworks-${CONFIGURATION}-input-files.xcfilelist",
			);
			name = "[CP] Embed Pods Frameworks";
			outputFileListPaths = (
				"${PODS_ROOT}/Target Support Files/Pods-Todo/Pods-Todo-frameworks-${CONFIGURATION}-output-files.xcfilelist",
			);
			runOnlyForDeploymentPostprocessing = 0;
			shellPath = /bin/sh;
			shellScript = "\"${PODS_ROOT}/Target Support Files/Pods-Todo/Pods-Todo-frameworks.sh\"\n";
			showEnvVarsInLog = 0;
		};
		FEED371DC0BFEA3FB484C48C /* [CP] Check Pods Manifest.lock */ = {
			isa = PBXShellScriptBuildPhase;
			buildActionMask = 2147483647;
			files = (
			);
			inputFileListPaths = (
			);
			inputPaths = (
				"${PODS_PODFILE_DIR_PATH}/Podfile.lock",
				"${PODS_ROOT}/Manifest.lock",
			);
			name = "[CP] Check Pods Manifest.lock";
			outputFileListPaths = (
			);
			outputPaths = (
				"$(DERIVED_FILE_DIR)/Pods-Todo-checkManifestLockResult.txt",
			);
			runOnlyForDeploymentPostprocessing = 0;
			shellPath = /bin/sh;
			shellScript = "diff \"${PODS_PODFILE_DIR_PATH}/Podfile.lock\" \"${PODS_ROOT}/Manifest.lock\" > /dev/null\nif [ $? != 0 ] ; then\n    # print error to STDERR\n    echo \"error: The sandbox is not in sync with the Podfile.lock. Run 'pod install' or update your CocoaPods installation.\" >&2\n    exit 1\nfi\n# This output is used by Xcode 'outputs' to avoid re-running this script phase.\necho \"SUCCESS\" > \"${SCRIPT_OUTPUT_FILE_0}\"\n";
			showEnvVarsInLog = 0;
		};
/* End PBXShellScriptBuildPhase section */

/* Begin PBXSourcesBuildPhase section */
		E2F62CCB2177BE6700DB7BEE /* Sources */ = {
			isa = PBXSourcesBuildPhase;
			buildActionMask = 2147483647;
			files = (
				367EC6602183546C00FFB9E9 /* Item.swift in Sources */,
				36B23B2F23187ED7008BF99D /* AWSCognitoUserPoolsAuthProvider.swift in Sources */,
				E2F62CD52177BE6700DB7BEE /* TodoItemsViewController.swift in Sources */,
				E2F62CD32177BE6700DB7BEE /* AppDelegate.swift in Sources */,
				E2C502D82180E44D00A717F8 /* TableTodoListsViewController.swift in Sources */,
				364510C22183B0D500EBFE59 /* SwipeTableViewController.swift in Sources */,
				E21C145B2332FD0A00A3EB62 /* API.swift in Sources */,
				367EC6622183548100FFB9E9 /* Todos.swift in Sources */,
			);
			runOnlyForDeploymentPostprocessing = 0;
		};
/* End PBXSourcesBuildPhase section */

/* Begin PBXVariantGroup section */
		E2F62CD62177BE6700DB7BEE /* Main.storyboard */ = {
			isa = PBXVariantGroup;
			children = (
				E2F62CD72177BE6700DB7BEE /* Base */,
			);
			name = Main.storyboard;
			sourceTree = "<group>";
		};
		E2F62CDB2177BE6900DB7BEE /* LaunchScreen.storyboard */ = {
			isa = PBXVariantGroup;
			children = (
				E2F62CDC2177BE6900DB7BEE /* Base */,
			);
			name = LaunchScreen.storyboard;
			sourceTree = "<group>";
		};
/* End PBXVariantGroup section */

/* Begin XCBuildConfiguration section */
		E2F62CDF2177BE6900DB7BEE /* Debug */ = {
			isa = XCBuildConfiguration;
			buildSettings = {
				ALWAYS_SEARCH_USER_PATHS = NO;
				CLANG_ANALYZER_NONNULL = YES;
				CLANG_ANALYZER_NUMBER_OBJECT_CONVERSION = YES_AGGRESSIVE;
				CLANG_CXX_LANGUAGE_STANDARD = "gnu++14";
				CLANG_CXX_LIBRARY = "libc++";
				CLANG_ENABLE_MODULES = YES;
				CLANG_ENABLE_OBJC_ARC = YES;
				CLANG_ENABLE_OBJC_WEAK = YES;
				CLANG_WARN_BLOCK_CAPTURE_AUTORELEASING = YES;
				CLANG_WARN_BOOL_CONVERSION = YES;
				CLANG_WARN_COMMA = YES;
				CLANG_WARN_CONSTANT_CONVERSION = YES;
				CLANG_WARN_DEPRECATED_OBJC_IMPLEMENTATIONS = YES;
				CLANG_WARN_DIRECT_OBJC_ISA_USAGE = YES_ERROR;
				CLANG_WARN_DOCUMENTATION_COMMENTS = YES;
				CLANG_WARN_EMPTY_BODY = YES;
				CLANG_WARN_ENUM_CONVERSION = YES;
				CLANG_WARN_INFINITE_RECURSION = YES;
				CLANG_WARN_INT_CONVERSION = YES;
				CLANG_WARN_NON_LITERAL_NULL_CONVERSION = YES;
				CLANG_WARN_OBJC_IMPLICIT_RETAIN_SELF = YES;
				CLANG_WARN_OBJC_LITERAL_CONVERSION = YES;
				CLANG_WARN_OBJC_ROOT_CLASS = YES_ERROR;
				CLANG_WARN_RANGE_LOOP_ANALYSIS = YES;
				CLANG_WARN_STRICT_PROTOTYPES = YES;
				CLANG_WARN_SUSPICIOUS_MOVE = YES;
				CLANG_WARN_UNGUARDED_AVAILABILITY = YES_AGGRESSIVE;
				CLANG_WARN_UNREACHABLE_CODE = YES;
				CLANG_WARN__DUPLICATE_METHOD_MATCH = YES;
				CODE_SIGN_IDENTITY = "iPhone Developer";
				COPY_PHASE_STRIP = NO;
				DEBUG_INFORMATION_FORMAT = dwarf;
				ENABLE_STRICT_OBJC_MSGSEND = YES;
				ENABLE_TESTABILITY = YES;
				GCC_C_LANGUAGE_STANDARD = gnu11;
				GCC_DYNAMIC_NO_PIC = NO;
				GCC_NO_COMMON_BLOCKS = YES;
				GCC_OPTIMIZATION_LEVEL = 0;
				GCC_PREPROCESSOR_DEFINITIONS = (
					"DEBUG=1",
					"$(inherited)",
				);
				GCC_WARN_64_TO_32_BIT_CONVERSION = YES;
				GCC_WARN_ABOUT_RETURN_TYPE = YES_ERROR;
				GCC_WARN_UNDECLARED_SELECTOR = YES;
				GCC_WARN_UNINITIALIZED_AUTOS = YES_AGGRESSIVE;
				GCC_WARN_UNUSED_FUNCTION = YES;
				GCC_WARN_UNUSED_VARIABLE = YES;
				IPHONEOS_DEPLOYMENT_TARGET = 12.0;
				MTL_ENABLE_DEBUG_INFO = INCLUDE_SOURCE;
				MTL_FAST_MATH = YES;
				ONLY_ACTIVE_ARCH = YES;
				SDKROOT = iphoneos;
				SWIFT_ACTIVE_COMPILATION_CONDITIONS = DEBUG;
				SWIFT_OPTIMIZATION_LEVEL = "-Onone";
			};
			name = Debug;
		};
		E2F62CE02177BE6900DB7BEE /* Release */ = {
			isa = XCBuildConfiguration;
			buildSettings = {
				ALWAYS_SEARCH_USER_PATHS = NO;
				CLANG_ANALYZER_NONNULL = YES;
				CLANG_ANALYZER_NUMBER_OBJECT_CONVERSION = YES_AGGRESSIVE;
				CLANG_CXX_LANGUAGE_STANDARD = "gnu++14";
				CLANG_CXX_LIBRARY = "libc++";
				CLANG_ENABLE_MODULES = YES;
				CLANG_ENABLE_OBJC_ARC = YES;
				CLANG_ENABLE_OBJC_WEAK = YES;
				CLANG_WARN_BLOCK_CAPTURE_AUTORELEASING = YES;
				CLANG_WARN_BOOL_CONVERSION = YES;
				CLANG_WARN_COMMA = YES;
				CLANG_WARN_CONSTANT_CONVERSION = YES;
				CLANG_WARN_DEPRECATED_OBJC_IMPLEMENTATIONS = YES;
				CLANG_WARN_DIRECT_OBJC_ISA_USAGE = YES_ERROR;
				CLANG_WARN_DOCUMENTATION_COMMENTS = YES;
				CLANG_WARN_EMPTY_BODY = YES;
				CLANG_WARN_ENUM_CONVERSION = YES;
				CLANG_WARN_INFINITE_RECURSION = YES;
				CLANG_WARN_INT_CONVERSION = YES;
				CLANG_WARN_NON_LITERAL_NULL_CONVERSION = YES;
				CLANG_WARN_OBJC_IMPLICIT_RETAIN_SELF = YES;
				CLANG_WARN_OBJC_LITERAL_CONVERSION = YES;
				CLANG_WARN_OBJC_ROOT_CLASS = YES_ERROR;
				CLANG_WARN_RANGE_LOOP_ANALYSIS = YES;
				CLANG_WARN_STRICT_PROTOTYPES = YES;
				CLANG_WARN_SUSPICIOUS_MOVE = YES;
				CLANG_WARN_UNGUARDED_AVAILABILITY = YES_AGGRESSIVE;
				CLANG_WARN_UNREACHABLE_CODE = YES;
				CLANG_WARN__DUPLICATE_METHOD_MATCH = YES;
				CODE_SIGN_IDENTITY = "iPhone Developer";
				COPY_PHASE_STRIP = NO;
				DEBUG_INFORMATION_FORMAT = "dwarf-with-dsym";
				ENABLE_NS_ASSERTIONS = NO;
				ENABLE_STRICT_OBJC_MSGSEND = YES;
				GCC_C_LANGUAGE_STANDARD = gnu11;
				GCC_NO_COMMON_BLOCKS = YES;
				GCC_WARN_64_TO_32_BIT_CONVERSION = YES;
				GCC_WARN_ABOUT_RETURN_TYPE = YES_ERROR;
				GCC_WARN_UNDECLARED_SELECTOR = YES;
				GCC_WARN_UNINITIALIZED_AUTOS = YES_AGGRESSIVE;
				GCC_WARN_UNUSED_FUNCTION = YES;
				GCC_WARN_UNUSED_VARIABLE = YES;
				IPHONEOS_DEPLOYMENT_TARGET = 12.0;
				MTL_ENABLE_DEBUG_INFO = NO;
				MTL_FAST_MATH = YES;
				SDKROOT = iphoneos;
				SWIFT_COMPILATION_MODE = wholemodule;
				SWIFT_OPTIMIZATION_LEVEL = "-O";
				VALIDATE_PRODUCT = YES;
			};
			name = Release;
		};
		E2F62CE22177BE6900DB7BEE /* Debug */ = {
			isa = XCBuildConfiguration;
			baseConfigurationReference = 212532865AFE3DDA1C584643 /* Pods-Todo.debug.xcconfig */;
			buildSettings = {
				ASSETCATALOG_COMPILER_APPICON_NAME = AppIcon;
				CLANG_ENABLE_MODULES = YES;
				CODE_SIGN_STYLE = Automatic;
				DEVELOPMENT_TEAM = L5GV9277PX;
				INFOPLIST_FILE = "$(SRCROOT)/Todo/Info.plist";
				IPHONEOS_DEPLOYMENT_TARGET = 12.4;
				LD_RUNPATH_SEARCH_PATHS = (
					"$(inherited)",
					"@executable_path/Frameworks",
				);
				PRODUCT_BUNDLE_IDENTIFIER = com.rmiranda.Todos;
				PRODUCT_NAME = "$(TARGET_NAME)";
				SWIFT_OBJC_BRIDGING_HEADER = "Todo/Controllers/Todo-Bridging-Header.h";
				SWIFT_OPTIMIZATION_LEVEL = "-Onone";
				SWIFT_VERSION = 5.0;
				TARGETED_DEVICE_FAMILY = 1;
			};
			name = Debug;
		};
		E2F62CE32177BE6900DB7BEE /* Release */ = {
			isa = XCBuildConfiguration;
			baseConfigurationReference = 8510E5A63A6F19D606CFFD4D /* Pods-Todo.release.xcconfig */;
			buildSettings = {
				ASSETCATALOG_COMPILER_APPICON_NAME = AppIcon;
				CLANG_ENABLE_MODULES = YES;
				CODE_SIGN_STYLE = Automatic;
				DEVELOPMENT_TEAM = L5GV9277PX;
				INFOPLIST_FILE = "$(SRCROOT)/Todo/Info.plist";
				IPHONEOS_DEPLOYMENT_TARGET = 12.4;
				LD_RUNPATH_SEARCH_PATHS = (
					"$(inherited)",
					"@executable_path/Frameworks",
				);
				PRODUCT_BUNDLE_IDENTIFIER = com.rmiranda.Todos;
				PRODUCT_NAME = "$(TARGET_NAME)";
				SWIFT_OBJC_BRIDGING_HEADER = "Todo/Controllers/Todo-Bridging-Header.h";
				SWIFT_VERSION = 5.0;
				TARGETED_DEVICE_FAMILY = 1;
			};
			name = Release;
		};
/* End XCBuildConfiguration section */

/* Begin XCConfigurationList section */
		E2F62CCA2177BE6700DB7BEE /* Build configuration list for PBXProject "Todo" */ = {
			isa = XCConfigurationList;
			buildConfigurations = (
				E2F62CDF2177BE6900DB7BEE /* Debug */,
				E2F62CE02177BE6900DB7BEE /* Release */,
			);
			defaultConfigurationIsVisible = 0;
			defaultConfigurationName = Release;
		};
		E2F62CE12177BE6900DB7BEE /* Build configuration list for PBXNativeTarget "Todo" */ = {
			isa = XCConfigurationList;
			buildConfigurations = (
				E2F62CE22177BE6900DB7BEE /* Debug */,
				E2F62CE32177BE6900DB7BEE /* Release */,
			);
			defaultConfigurationIsVisible = 0;
			defaultConfigurationName = Release;
		};
/* End XCConfigurationList section */
	};
	rootObject = E2F62CC72177BE6700DB7BEE /* Project object */;
}
